
Microsoft Visual Studio Solution File, Format Version 12.00
# Visual Studio Version 16
VisualStudioVersion = 16.0.30503.244
MinimumVisualStudioVersion = 10.0.40219.1
Project("{FAE04EC0-301F-11D3-BF4B-00C04F79EFBC}") = "ServiceShopperBlazorTest.Server", "ServiceShopperBlazorTest\Server\ServiceShopperBlazorTest.Server.csproj", "{49E82917-BCEC-486C-86B0-43315D3BF41D}"
EndProject
Project("{FAE04EC0-301F-11D3-BF4B-00C04F79EFBC}") = "ServiceShopperBlazorTest.Client", "ServiceShopperBlazorTest\Client\ServiceShopperBlazorTest.Client.csproj", "{B95A1E60-F151-4C98-8598-07708675C414}"
EndProject
Project("{FAE04EC0-301F-11D3-BF4B-00C04F79EFBC}") = "ServiceShopperBlazorTest.Shared", "ServiceShopperBlazorTest\Shared\ServiceShopperBlazorTest.Shared.csproj", "{F27771EE-BE68-4E44-BD6A-17A460293B2A}"
EndProject
Global
	GlobalSection(SolutionConfigurationPlatforms) = preSolution
		Debug|Any CPU = Debug|Any CPU
		Release|Any CPU = Release|Any CPU
	EndGlobalSection
	GlobalSection(ProjectConfigurationPlatforms) = postSolution
		{49E82917-BCEC-486C-86B0-43315D3BF41D}.Debug|Any CPU.ActiveCfg = Debug|Any CPU
		{49E82917-BCEC-486C-86B0-43315D3BF41D}.Debug|Any CPU.Build.0 = Debug|Any CPU
		{49E82917-BCEC-486C-86B0-43315D3BF41D}.Release|Any CPU.ActiveCfg = Release|Any CPU
		{49E82917-BCEC-486C-86B0-43315D3BF41D}.Release|Any CPU.Build.0 = Release|Any CPU
		{B95A1E60-F151-4C98-8598-07708675C414}.Debug|Any CPU.ActiveCfg = Debug|Any CPU
		{B95A1E60-F151-4C98-8598-07708675C414}.Debug|Any CPU.Build.0 = Debug|Any CPU
		{B95A1E60-F151-4C98-8598-07708675C414}.Release|Any CPU.ActiveCfg = Release|Any CPU
		{B95A1E60-F151-4C98-8598-07708675C414}.Release|Any CPU.Build.0 = Release|Any CPU
		{F27771EE-BE68-4E44-BD6A-17A460293B2A}.Debug|Any CPU.ActiveCfg = Debug|Any CPU
		{F27771EE-BE68-4E44-BD6A-17A460293B2A}.Debug|Any CPU.Build.0 = Debug|Any CPU
		{F27771EE-BE68-4E44-BD6A-17A460293B2A}.Release|Any CPU.ActiveCfg = Release|Any CPU
		{F27771EE-BE68-4E44-BD6A-17A460293B2A}.Release|Any CPU.Build.0 = Release|Any CPU
	EndGlobalSection
	GlobalSection(SolutionProperties) = preSolution
		HideSolutionNode = FALSE
	EndGlobalSection
	GlobalSection(ExtensibilityGlobals) = postSolution
		SolutionGuid = {704E2B4E-78BB-4A9F-8C0C-BD513657451C}
	EndGlobalSection
EndGlobal
